{"version":4,"terraform_version":"1.11.6","serial":1,"lineage":"335eafca-508d-167e-f678-3da581f0bb86","outputs":{"gha_role_arn":{"value":"arn:aws:iam::257209856308:role/ticket-classifier-Big-Data-gha","type":"string"},"lock_table":{"value":"ticket-classifier-Big-Data-locks","type":"string"}},"resources":[{"mode":"data","type":"aws_iam_policy_document","name":"gha_assume","provider":"provider[\"registry.opentofu.org/hashicorp/aws\"]","instances":[{"schema_version":0,"attributes":{"id":"742719318","json":"{\n  \"Version\": \"2012-10-17\",\n  \"Statement\": [\n    {\n      \"Effect\": \"Allow\",\n      \"Action\": \"sts:AssumeRoleWithWebIdentity\",\n      \"Principal\": {\n        \"Federated\": \"arn:aws:iam::257209856308:oidc-provider/token.actions.githubusercontent.com\"\n      },\n      \"Condition\": {\n        \"StringEquals\": {\n          \"token.actions.githubusercontent.com:aud\": \"sts.amazonaws.com\"\n        },\n        \"StringLike\": {\n          \"token.actions.githubusercontent.com:sub\": [\n            \"repo:Gaelite/ticket-classifier-Big-Data:ref:refs/heads/main\",\n            \"repo:Gaelite/ticket-classifier-Big-Data:pull_request\"\n          ]\n        }\n      }\n    }\n  ]\n}","minified_json":"{\"Version\":\"2012-10-17\",\"Statement\":[{\"Effect\":\"Allow\",\"Action\":\"sts:AssumeRoleWithWebIdentity\",\"Principal\":{\"Federated\":\"arn:aws:iam::257209856308:oidc-provider/token.actions.githubusercontent.com\"},\"Condition\":{\"StringEquals\":{\"token.actions.githubusercontent.com:aud\":\"sts.amazonaws.com\"},\"StringLike\":{\"token.actions.githubusercontent.com:sub\":[\"repo:Gaelite/ticket-classifier-Big-Data:ref:refs/heads/main\",\"repo:Gaelite/ticket-classifier-Big-Data:pull_request\"]}}}]}","override_json":null,"override_policy_documents":null,"policy_id":null,"source_json":null,"source_policy_documents":null,"statement":[{"actions":["sts:AssumeRoleWithWebIdentity"],"condition":[{"test":"StringEquals","values":["sts.amazonaws.com"],"variable":"token.actions.githubusercontent.com:aud"},{"test":"StringLike","values":["repo:Gaelite/ticket-classifier-Big-Data:ref:refs/heads/main","repo:Gaelite/ticket-classifier-Big-Data:pull_request"],"variable":"token.actions.githubusercontent.com:sub"}],"effect":"Allow","not_actions":[],"not_principals":[],"not_resources":[],"principals":[{"identifiers":["arn:aws:iam::257209856308:oidc-provider/token.actions.githubusercontent.com"],"type":"Federated"}],"resources":[],"sid":""}],"version":"2012-10-17"},"sensitive_attributes":[]}]},{"mode":"data","type":"aws_iam_policy_document","name":"gha_iam","provider":"provider[\"registry.opentofu.org/hashicorp/aws\"]","instances":[{"schema_version":0,"attributes":{"id":"4064590121","json":"{\n  \"Version\": \"2012-10-17\",\n  \"Statement\": [\n    {\n      \"Effect\": \"Allow\",\n      \"Action\": [\n        \"iam:UpdateAssumeRolePolicy\",\n        \"iam:UntagRole\",\n        \"iam:TagRole\",\n        \"iam:PassRole\",\n        \"iam:ListRolePolicies\",\n        \"iam:ListPolicyVersions\",\n        \"iam:ListAttachedRolePolicies\",\n        \"iam:GetRole\",\n        \"iam:GetPolicyVersion\",\n        \"iam:GetPolicy\",\n        \"iam:DetachRolePolicy\",\n        \"iam:DeleteRole\",\n        \"iam:DeletePolicyVersion\",\n        \"iam:DeletePolicy\",\n        \"iam:CreateRole\",\n        \"iam:CreatePolicyVersion\",\n        \"iam:CreatePolicy\",\n        \"iam:AttachRolePolicy\"\n      ],\n      \"Resource\": [\n        \"arn:aws:iam::*:role/ticket-classifier-Big-Data-*\",\n        \"arn:aws:iam::*:policy/ticket-classifier-Big-Data-*\"\n      ]\n    }\n  ]\n}","minified_json":"{\"Version\":\"2012-10-17\",\"Statement\":[{\"Effect\":\"Allow\",\"Action\":[\"iam:UpdateAssumeRolePolicy\",\"iam:UntagRole\",\"iam:TagRole\",\"iam:PassRole\",\"iam:ListRolePolicies\",\"iam:ListPolicyVersions\",\"iam:ListAttachedRolePolicies\",\"iam:GetRole\",\"iam:GetPolicyVersion\",\"iam:GetPolicy\",\"iam:DetachRolePolicy\",\"iam:DeleteRole\",\"iam:DeletePolicyVersion\",\"iam:DeletePolicy\",\"iam:CreateRole\",\"iam:CreatePolicyVersion\",\"iam:CreatePolicy\",\"iam:AttachRolePolicy\"],\"Resource\":[\"arn:aws:iam::*:role/ticket-classifier-Big-Data-*\",\"arn:aws:iam::*:policy/ticket-classifier-Big-Data-*\"]}]}","override_json":null,"override_policy_documents":null,"policy_id":null,"source_json":null,"source_policy_documents":null,"statement":[{"actions":["iam:AttachRolePolicy","iam:CreatePolicy","iam:CreatePolicyVersion","iam:CreateRole","iam:DeletePolicy","iam:DeletePolicyVersion","iam:DeleteRole","iam:DetachRolePolicy","iam:GetPolicy","iam:GetPolicyVersion","iam:GetRole","iam:ListAttachedRolePolicies","iam:ListPolicyVersions","iam:ListRolePolicies","iam:PassRole","iam:TagRole","iam:UntagRole","iam:UpdateAssumeRolePolicy"],"condition":[],"effect":"Allow","not_actions":[],"not_principals":[],"not_resources":[],"principals":[],"resources":["arn:aws:iam::*:policy/ticket-classifier-Big-Data-*","arn:aws:iam::*:role/ticket-classifier-Big-Data-*"],"sid":""}],"version":"2012-10-17"},"sensitive_attributes":[]}]},{"mode":"managed","type":"aws_dynamodb_table","name":"locks","provider":"provider[\"registry.opentofu.org/hashicorp/aws\"]","instances":[{"schema_version":1,"attributes":{"arn":"arn:aws:dynamodb:us-east-1:257209856308:table/ticket-classifier-Big-Data-locks","attribute":[{"name":"LockID","type":"S"}],"billing_mode":"PAY_PER_REQUEST","deletion_protection_enabled":false,"global_secondary_index":[],"hash_key":"LockID","id":"ticket-classifier-Big-Data-locks","import_table":[],"local_secondary_index":[],"name":"ticket-classifier-Big-Data-locks","on_demand_throughput":[],"point_in_time_recovery":[{"enabled":false,"recovery_period_in_days":0}],"range_key":null,"read_capacity":0,"replica":[],"restore_date_time":null,"restore_source_name":null,"restore_source_table_arn":null,"restore_to_latest_time":null,"server_side_encryption":[],"stream_arn":"","stream_enabled":false,"stream_label":"","stream_view_type":"","table_class":"STANDARD","tags":null,"tags_all":{},"timeouts":null,"ttl":[{"attribute_name":"","enabled":false}],"write_capacity":0},"sensitive_attributes":[],"private":"eyJlMmJmYjczMC1lY2FhLTExZTYtOGY4OC0zNDM2M2JjN2M0YzAiOnsiY3JlYXRlIjoxODAwMDAwMDAwMDAwLCJkZWxldGUiOjYwMDAwMDAwMDAwMCwidXBkYXRlIjozNjAwMDAwMDAwMDAwfSwic2NoZW1hX3ZlcnNpb24iOiIxIn0="}]},{"mode":"managed","type":"aws_iam_openid_connect_provider","name":"github","provider":"provider[\"registry.opentofu.org/hashicorp/aws\"]","instances":[{"schema_version":0,"attributes":{"arn":"arn:aws:iam::257209856308:oidc-provider/token.actions.githubusercontent.com","client_id_list":["sts.amazonaws.com"],"id":"arn:aws:iam::257209856308:oidc-provider/token.actions.githubusercontent.com","tags":null,"tags_all":{},"thumbprint_list":["6938fd4d98bab03faadb97b34396831e3780aea1","1c58a3a8518e8759bf075b76b750d4f2df264fcd"],"url":"token.actions.githubusercontent.com"},"sensitive_attributes":[],"private":"bnVsbA=="}]},{"mode":"managed","type":"aws_iam_policy","name":"gha_iam","provider":"provider[\"registry.opentofu.org/hashicorp/aws\"]","instances":[{"schema_version":0,"attributes":{"arn":"arn:aws:iam::257209856308:policy/ticket-classifier-Big-Data-gha-iam","attachment_count":0,"description":"","id":"arn:aws:iam::257209856308:policy/ticket-classifier-Big-Data-gha-iam","name":"ticket-classifier-Big-Data-gha-iam","name_prefix":"","path":"/","policy":"{\"Statement\":[{\"Action\":[\"iam:UpdateAssumeRolePolicy\",\"iam:UntagRole\",\"iam:TagRole\",\"iam:PassRole\",\"iam:ListRolePolicies\",\"iam:ListPolicyVersions\",\"iam:ListAttachedRolePolicies\",\"iam:GetRole\",\"iam:GetPolicyVersion\",\"iam:GetPolicy\",\"iam:DetachRolePolicy\",\"iam:DeleteRole\",\"iam:DeletePolicyVersion\",\"iam:DeletePolicy\",\"iam:CreateRole\",\"iam:CreatePolicyVersion\",\"iam:CreatePolicy\",\"iam:AttachRolePolicy\"],\"Effect\":\"Allow\",\"Resource\":[\"arn:aws:iam::*:role/ticket-classifier-Big-Data-*\",\"arn:aws:iam::*:policy/ticket-classifier-Big-Data-*\"]}],\"Version\":\"2012-10-17\"}","policy_id":"ANPATXYXG6E2CEFY7AJ2F","tags":null,"tags_all":{}},"sensitive_attributes":[],"private":"bnVsbA==","dependencies":["data.aws_iam_policy_document.gha_iam"]}]},{"mode":"managed","type":"aws_iam_role","name":"gha","provider":"provider[\"registry.opentofu.org/hashicorp/aws\"]","instances":[{"schema_version":0,"attributes":{"arn":"arn:aws:iam::257209856308:role/ticket-classifier-Big-Data-gha","assume_role_policy":"{\"Statement\":[{\"Action\":\"sts:AssumeRoleWithWebIdentity\",\"Condition\":{\"StringEquals\":{\"token.actions.githubusercontent.com:aud\":\"sts.amazonaws.com\"},\"StringLike\":{\"token.actions.githubusercontent.com:sub\":[\"repo:Gaelite/ticket-classifier-Big-Data:ref:refs/heads/main\",\"repo:Gaelite/ticket-classifier-Big-Data:pull_request\"]}},\"Effect\":\"Allow\",\"Principal\":{\"Federated\":\"arn:aws:iam::257209856308:oidc-provider/token.actions.githubusercontent.com\"}}],\"Version\":\"2012-10-17\"}","create_date":"2026-05-04T18:00:21Z","description":"","force_detach_policies":false,"id":"ticket-classifier-Big-Data-gha","inline_policy":[],"managed_policy_arns":[],"max_session_duration":3600,"name":"ticket-classifier-Big-Data-gha","name_prefix":"","path":"/","permissions_boundary":"","tags":null,"tags_all":{},"unique_id":"AROATXYXG6E2CY243LPFN"},"sensitive_attributes":[],"private":"bnVsbA==","dependencies":["aws_iam_openid_connect_provider.github","data.aws_iam_policy_document.gha_assume"]}]},{"mode":"managed","type":"aws_iam_role_policy_attachment","name":"gha_iam","provider":"provider[\"registry.opentofu.org/hashicorp/aws\"]","instances":[{"schema_version":0,"attributes":{"id":"ticket-classifier-Big-Data-gha-20260504180021518600000002","policy_arn":"arn:aws:iam::257209856308:policy/ticket-classifier-Big-Data-gha-iam","role":"ticket-classifier-Big-Data-gha"},"sensitive_attributes":[],"private":"bnVsbA==","dependencies":["aws_iam_openid_connect_provider.github","aws_iam_policy.gha_iam","aws_iam_role.gha","data.aws_iam_policy_document.gha_assume","data.aws_iam_policy_document.gha_iam"]}]},{"mode":"managed","type":"aws_iam_role_policy_attachment","name":"gha_power","provider":"provider[\"registry.opentofu.org/hashicorp/aws\"]","instances":[{"schema_version":0,"attributes":{"id":"ticket-classifier-Big-Data-gha-20260504180021503700000001","policy_arn":"arn:aws:iam::aws:policy/PowerUserAccess","role":"ticket-classifier-Big-Data-gha"},"sensitive_attributes":[],"private":"bnVsbA==","dependencies":["aws_iam_openid_connect_provider.github","aws_iam_role.gha","data.aws_iam_policy_document.gha_assume"]}]},{"mode":"managed","type":"random_id","name":"suffix","provider":"provider[\"registry.opentofu.org/hashicorp/random\"]","instances":[{"schema_version":0,"attributes":{"b64_std":"KNdk0g==","b64_url":"KNdk0g","byte_length":4,"dec":"685204690","hex":"28d764d2","id":"KNdk0g","keepers":null,"prefix":null},"sensitive_attributes":[]}]}],"check_results":null}
