{"version":4,"terraform_version":"1.11.6","serial":3,"lineage":"335eafca-508d-167e-f678-3da581f0bb86","outputs":{"gha_role_arn":{"value":"arn:aws:iam::257209856308:role/ticket-classifier-big-data-gha","type":"string"},"lock_table":{"value":"ticket-classifier-big-data-locks","type":"string"},"next_steps":{"value":"\nBootstrap completo. Pasos siguientes:\n\n1. En ../backend.tf cambia:\n     bucket = \"ticket-classifier-big-data-state-28d764d2\"\n\n2. En ../.github/workflows/tofu.yml cambia:\n     role-to-assume: arn:aws:iam::257209856308:role/ticket-classifier-big-data-gha\n\n3. Sube el repo a GitHub con el nombre que usaste en var.github_repo.\n\n4. cd .. \u0026\u0026 tofu init \u0026\u0026 tofu plan\n   (correra desde tu laptop la primera vez para validar.\n    Despues, GitHub Actions toma el control.)\n\n","type":"string"},"state_bucket":{"value":"ticket-classifier-big-data-state-28d764d2","type":"string"}},"resources":[{"mode":"data","type":"aws_iam_policy_document","name":"gha_assume","provider":"provider[\"registry.opentofu.org/hashicorp/aws\"]","instances":[{"schema_version":0,"attributes":{"id":"742719318","json":"{\n  \"Version\": \"2012-10-17\",\n  \"Statement\": [\n    {\n      \"Effect\": \"Allow\",\n      \"Action\": \"sts:AssumeRoleWithWebIdentity\",\n      \"Principal\": {\n        \"Federated\": \"arn:aws:iam::257209856308:oidc-provider/token.actions.githubusercontent.com\"\n      },\n      \"Condition\": {\n        \"StringEquals\": {\n          \"token.actions.githubusercontent.com:aud\": \"sts.amazonaws.com\"\n        },\n        \"StringLike\": {\n          \"token.actions.githubusercontent.com:sub\": [\n            \"repo:Gaelite/ticket-classifier-Big-Data:ref:refs/heads/main\",\n            \"repo:Gaelite/ticket-classifier-Big-Data:pull_request\"\n          ]\n        }\n      }\n    }\n  ]\n}","minified_json":"{\"Version\":\"2012-10-17\",\"Statement\":[{\"Effect\":\"Allow\",\"Action\":\"sts:AssumeRoleWithWebIdentity\",\"Principal\":{\"Federated\":\"arn:aws:iam::257209856308:oidc-provider/token.actions.githubusercontent.com\"},\"Condition\":{\"StringEquals\":{\"token.actions.githubusercontent.com:aud\":\"sts.amazonaws.com\"},\"StringLike\":{\"token.actions.githubusercontent.com:sub\":[\"repo:Gaelite/ticket-classifier-Big-Data:ref:refs/heads/main\",\"repo:Gaelite/ticket-classifier-Big-Data:pull_request\"]}}}]}","override_json":null,"override_policy_documents":null,"policy_id":null,"source_json":null,"source_policy_documents":null,"statement":[{"actions":["sts:AssumeRoleWithWebIdentity"],"condition":[{"test":"StringEquals","values":["sts.amazonaws.com"],"variable":"token.actions.githubusercontent.com:aud"},{"test":"StringLike","values":["repo:Gaelite/ticket-classifier-Big-Data:ref:refs/heads/main","repo:Gaelite/ticket-classifier-Big-Data:pull_request"],"variable":"token.actions.githubusercontent.com:sub"}],"effect":"Allow","not_actions":[],"not_principals":[],"not_resources":[],"principals":[{"identifiers":["arn:aws:iam::257209856308:oidc-provider/token.actions.githubusercontent.com"],"type":"Federated"}],"resources":[],"sid":""}],"version":"2012-10-17"},"sensitive_attributes":[]}]},{"mode":"data","type":"aws_iam_policy_document","name":"gha_iam","provider":"provider[\"registry.opentofu.org/hashicorp/aws\"]","instances":[{"schema_version":0,"attributes":{"id":"1104813703","json":"{\n  \"Version\": \"2012-10-17\",\n  \"Statement\": [\n    {\n      \"Effect\": \"Allow\",\n      \"Action\": [\n        \"iam:UpdateAssumeRolePolicy\",\n        \"iam:UntagRole\",\n        \"iam:TagRole\",\n        \"iam:PassRole\",\n        \"iam:ListRolePolicies\",\n        \"iam:ListPolicyVersions\",\n        \"iam:ListAttachedRolePolicies\",\n        \"iam:GetRole\",\n        \"iam:GetPolicyVersion\",\n        \"iam:GetPolicy\",\n        \"iam:DetachRolePolicy\",\n        \"iam:DeleteRole\",\n        \"iam:DeletePolicyVersion\",\n        \"iam:DeletePolicy\",\n        \"iam:CreateRole\",\n        \"iam:CreatePolicyVersion\",\n        \"iam:CreatePolicy\",\n        \"iam:AttachRolePolicy\"\n      ],\n      \"Resource\": [\n        \"arn:aws:iam::*:role/ticket-classifier-big-data-*\",\n        \"arn:aws:iam::*:policy/ticket-classifier-big-data-*\"\n      ]\n    }\n  ]\n}","minified_json":"{\"Version\":\"2012-10-17\",\"Statement\":[{\"Effect\":\"Allow\",\"Action\":[\"iam:UpdateAssumeRolePolicy\",\"iam:UntagRole\",\"iam:TagRole\",\"iam:PassRole\",\"iam:ListRolePolicies\",\"iam:ListPolicyVersions\",\"iam:ListAttachedRolePolicies\",\"iam:GetRole\",\"iam:GetPolicyVersion\",\"iam:GetPolicy\",\"iam:DetachRolePolicy\",\"iam:DeleteRole\",\"iam:DeletePolicyVersion\",\"iam:DeletePolicy\",\"iam:CreateRole\",\"iam:CreatePolicyVersion\",\"iam:CreatePolicy\",\"iam:AttachRolePolicy\"],\"Resource\":[\"arn:aws:iam::*:role/ticket-classifier-big-data-*\",\"arn:aws:iam::*:policy/ticket-classifier-big-data-*\"]}]}","override_json":null,"override_policy_documents":null,"policy_id":null,"source_json":null,"source_policy_documents":null,"statement":[{"actions":["iam:AttachRolePolicy","iam:CreatePolicy","iam:CreatePolicyVersion","iam:CreateRole","iam:DeletePolicy","iam:DeletePolicyVersion","iam:DeleteRole","iam:DetachRolePolicy","iam:GetPolicy","iam:GetPolicyVersion","iam:GetRole","iam:ListAttachedRolePolicies","iam:ListPolicyVersions","iam:ListRolePolicies","iam:PassRole","iam:TagRole","iam:UntagRole","iam:UpdateAssumeRolePolicy"],"condition":[],"effect":"Allow","not_actions":[],"not_principals":[],"not_resources":[],"principals":[],"resources":["arn:aws:iam::*:policy/ticket-classifier-big-data-*","arn:aws:iam::*:role/ticket-classifier-big-data-*"],"sid":""}],"version":"2012-10-17"},"sensitive_attributes":[]}]},{"mode":"managed","type":"aws_dynamodb_table","name":"locks","provider":"provider[\"registry.opentofu.org/hashicorp/aws\"]","instances":[{"schema_version":1,"attributes":{"arn":"arn:aws:dynamodb:us-east-1:257209856308:table/ticket-classifier-big-data-locks","attribute":[{"name":"LockID","type":"S"}],"billing_mode":"PAY_PER_REQUEST","deletion_protection_enabled":false,"global_secondary_index":[],"hash_key":"LockID","id":"ticket-classifier-big-data-locks","import_table":[],"local_secondary_index":[],"name":"ticket-classifier-big-data-locks","on_demand_throughput":[],"point_in_time_recovery":[{"enabled":false,"recovery_period_in_days":0}],"range_key":null,"read_capacity":0,"replica":[],"restore_date_time":null,"restore_source_name":null,"restore_source_table_arn":null,"restore_to_latest_time":null,"server_side_encryption":[],"stream_arn":"","stream_enabled":false,"stream_label":"","stream_view_type":"","table_class":"STANDARD","tags":null,"tags_all":{},"timeouts":null,"ttl":[{"attribute_name":"","enabled":false}],"write_capacity":0},"sensitive_attributes":[],"private":"eyJlMmJmYjczMC1lY2FhLTExZTYtOGY4OC0zNDM2M2JjN2M0YzAiOnsiY3JlYXRlIjoxODAwMDAwMDAwMDAwLCJkZWxldGUiOjYwMDAwMDAwMDAwMCwidXBkYXRlIjozNjAwMDAwMDAwMDAwfSwic2NoZW1hX3ZlcnNpb24iOiIxIn0="}]},{"mode":"managed","type":"aws_iam_openid_connect_provider","name":"github","provider":"provider[\"registry.opentofu.org/hashicorp/aws\"]","instances":[{"schema_version":0,"attributes":{"arn":"arn:aws:iam::257209856308:oidc-provider/token.actions.githubusercontent.com","client_id_list":["sts.amazonaws.com"],"id":"arn:aws:iam::257209856308:oidc-provider/token.actions.githubusercontent.com","tags":{},"tags_all":{},"thumbprint_list":["6938fd4d98bab03faadb97b34396831e3780aea1","1c58a3a8518e8759bf075b76b750d4f2df264fcd"],"url":"token.actions.githubusercontent.com"},"sensitive_attributes":[],"private":"bnVsbA=="}]},{"mode":"managed","type":"aws_iam_policy","name":"gha_iam","provider":"provider[\"registry.opentofu.org/hashicorp/aws\"]","instances":[{"schema_version":0,"attributes":{"arn":"arn:aws:iam::257209856308:policy/ticket-classifier-big-data-gha-iam","attachment_count":0,"description":"","id":"arn:aws:iam::257209856308:policy/ticket-classifier-big-data-gha-iam","name":"ticket-classifier-big-data-gha-iam","name_prefix":"","path":"/","policy":"{\"Statement\":[{\"Action\":[\"iam:UpdateAssumeRolePolicy\",\"iam:UntagRole\",\"iam:TagRole\",\"iam:PassRole\",\"iam:ListRolePolicies\",\"iam:ListPolicyVersions\",\"iam:ListAttachedRolePolicies\",\"iam:GetRole\",\"iam:GetPolicyVersion\",\"iam:GetPolicy\",\"iam:DetachRolePolicy\",\"iam:DeleteRole\",\"iam:DeletePolicyVersion\",\"iam:DeletePolicy\",\"iam:CreateRole\",\"iam:CreatePolicyVersion\",\"iam:CreatePolicy\",\"iam:AttachRolePolicy\"],\"Effect\":\"Allow\",\"Resource\":[\"arn:aws:iam::*:role/ticket-classifier-big-data-*\",\"arn:aws:iam::*:policy/ticket-classifier-big-data-*\"]}],\"Version\":\"2012-10-17\"}","policy_id":"ANPATXYXG6E2ENDYSTSRK","tags":null,"tags_all":{}},"sensitive_attributes":[],"private":"bnVsbA==","dependencies":["data.aws_iam_policy_document.gha_iam"]}]},{"mode":"managed","type":"aws_iam_role","name":"gha","provider":"provider[\"registry.opentofu.org/hashicorp/aws\"]","instances":[{"schema_version":0,"attributes":{"arn":"arn:aws:iam::257209856308:role/ticket-classifier-big-data-gha","assume_role_policy":"{\"Statement\":[{\"Action\":\"sts:AssumeRoleWithWebIdentity\",\"Condition\":{\"StringEquals\":{\"token.actions.githubusercontent.com:aud\":\"sts.amazonaws.com\"},\"StringLike\":{\"token.actions.githubusercontent.com:sub\":[\"repo:Gaelite/ticket-classifier-Big-Data:ref:refs/heads/main\",\"repo:Gaelite/ticket-classifier-Big-Data:pull_request\"]}},\"Effect\":\"Allow\",\"Principal\":{\"Federated\":\"arn:aws:iam::257209856308:oidc-provider/token.actions.githubusercontent.com\"}}],\"Version\":\"2012-10-17\"}","create_date":"2026-05-04T18:01:47Z","description":"","force_detach_policies":false,"id":"ticket-classifier-big-data-gha","inline_policy":[],"managed_policy_arns":[],"max_session_duration":3600,"name":"ticket-classifier-big-data-gha","name_prefix":"","path":"/","permissions_boundary":"","tags":null,"tags_all":{},"unique_id":"AROATXYXG6E2D2O25LSCN"},"sensitive_attributes":[],"private":"bnVsbA==","dependencies":["aws_iam_openid_connect_provider.github","data.aws_iam_policy_document.gha_assume"]}]},{"mode":"managed","type":"aws_iam_role_policy_attachment","name":"gha_iam","provider":"provider[\"registry.opentofu.org/hashicorp/aws\"]","instances":[{"schema_version":0,"attributes":{"id":"ticket-classifier-big-data-gha-20260504180148139400000001","policy_arn":"arn:aws:iam::257209856308:policy/ticket-classifier-big-data-gha-iam","role":"ticket-classifier-big-data-gha"},"sensitive_attributes":[],"private":"bnVsbA==","dependencies":["aws_iam_openid_connect_provider.github","aws_iam_policy.gha_iam","aws_iam_role.gha","data.aws_iam_policy_document.gha_assume","data.aws_iam_policy_document.gha_iam"]}]},{"mode":"managed","type":"aws_iam_role_policy_attachment","name":"gha_power","provider":"provider[\"registry.opentofu.org/hashicorp/aws\"]","instances":[{"schema_version":0,"attributes":{"id":"ticket-classifier-big-data-gha-20260504180148169200000002","policy_arn":"arn:aws:iam::aws:policy/PowerUserAccess","role":"ticket-classifier-big-data-gha"},"sensitive_attributes":[],"private":"bnVsbA==","dependencies":["aws_iam_openid_connect_provider.github","aws_iam_role.gha","data.aws_iam_policy_document.gha_assume"]}]},{"mode":"managed","type":"aws_s3_bucket","name":"state","provider":"provider[\"registry.opentofu.org/hashicorp/aws\"]","instances":[{"schema_version":0,"attributes":{"acceleration_status":"","acl":null,"arn":"arn:aws:s3:::ticket-classifier-big-data-state-28d764d2","bucket":"ticket-classifier-big-data-state-28d764d2","bucket_domain_name":"ticket-classifier-big-data-state-28d764d2.s3.amazonaws.com","bucket_prefix":"","bucket_regional_domain_name":"ticket-classifier-big-data-state-28d764d2.s3.us-east-1.amazonaws.com","cors_rule":[],"force_destroy":false,"grant":[{"id":"a9d942c6d3ca4922fbb0b84392fe725cab8bbfec25bec72f8ccfdcf9f6d255f2","permissions":["FULL_CONTROL"],"type":"CanonicalUser","uri":""}],"hosted_zone_id":"Z3AQBSTGFYJSTF","id":"ticket-classifier-big-data-state-28d764d2","lifecycle_rule":[],"logging":[],"object_lock_configuration":[],"object_lock_enabled":false,"policy":"","region":"us-east-1","replication_configuration":[],"request_payer":"BucketOwner","server_side_encryption_configuration":[{"rule":[{"apply_server_side_encryption_by_default":[{"kms_master_key_id":"","sse_algorithm":"AES256"}],"bucket_key_enabled":false}]}],"tags":null,"tags_all":{},"timeouts":null,"versioning":[{"enabled":false,"mfa_delete":false}],"website":[],"website_domain":null,"website_endpoint":null},"sensitive_attributes":[],"private":"eyJlMmJmYjczMC1lY2FhLTExZTYtOGY4OC0zNDM2M2JjN2M0YzAiOnsiY3JlYXRlIjoxMjAwMDAwMDAwMDAwLCJkZWxldGUiOjM2MDAwMDAwMDAwMDAsInJlYWQiOjEyMDAwMDAwMDAwMDAsInVwZGF0ZSI6MTIwMDAwMDAwMDAwMH19","dependencies":["random_id.suffix"]}]},{"mode":"managed","type":"aws_s3_bucket_public_access_block","name":"state","provider":"provider[\"registry.opentofu.org/hashicorp/aws\"]","instances":[{"schema_version":0,"attributes":{"block_public_acls":true,"block_public_policy":true,"bucket":"ticket-classifier-big-data-state-28d764d2","id":"ticket-classifier-big-data-state-28d764d2","ignore_public_acls":true,"restrict_public_buckets":true},"sensitive_attributes":[],"private":"bnVsbA==","dependencies":["aws_s3_bucket.state","random_id.suffix"]}]},{"mode":"managed","type":"aws_s3_bucket_server_side_encryption_configuration","name":"state","provider":"provider[\"registry.opentofu.org/hashicorp/aws\"]","instances":[{"schema_version":0,"attributes":{"bucket":"ticket-classifier-big-data-state-28d764d2","expected_bucket_owner":"","id":"ticket-classifier-big-data-state-28d764d2","rule":[{"apply_server_side_encryption_by_default":[{"kms_master_key_id":"","sse_algorithm":"AES256"}],"bucket_key_enabled":null}]},"sensitive_attributes":[],"private":"bnVsbA==","dependencies":["aws_s3_bucket.state","random_id.suffix"]}]},{"mode":"managed","type":"aws_s3_bucket_versioning","name":"state","provider":"provider[\"registry.opentofu.org/hashicorp/aws\"]","instances":[{"schema_version":0,"attributes":{"bucket":"ticket-classifier-big-data-state-28d764d2","expected_bucket_owner":"","id":"ticket-classifier-big-data-state-28d764d2","mfa":null,"versioning_configuration":[{"mfa_delete":"","status":"Enabled"}]},"sensitive_attributes":[],"private":"bnVsbA==","dependencies":["aws_s3_bucket.state","random_id.suffix"]}]},{"mode":"managed","type":"random_id","name":"suffix","provider":"provider[\"registry.opentofu.org/hashicorp/random\"]","instances":[{"schema_version":0,"attributes":{"b64_std":"KNdk0g==","b64_url":"KNdk0g","byte_length":4,"dec":"685204690","hex":"28d764d2","id":"KNdk0g","keepers":null,"prefix":null},"sensitive_attributes":[]}]}],"check_results":null}
